
Microsoft Visual Studio Solution File, Format Version 12.00
# Visual Studio Version 17
VisualStudioVersion = 17.5.002.0
MinimumVisualStudioVersion = 10.0.40219.1
Project("{9A19103F-16F7-4668-BE54-9A1E7A4F7556}") = "client", "client.csproj", "{A78C65B0-2E4F-4D2B-9964-09814A44260C}"
EndProject
Global
	GlobalSection(SolutionConfigurationPlatforms) = preSolution
		Debug|Any CPU = Debug|Any CPU
		Release|Any CPU = Release|Any CPU
	EndGlobalSection
	GlobalSection(ProjectConfigurationPlatforms) = postSolution
		{A78C65B0-2E4F-4D2B-9964-09814A44260C}.Debug|Any CPU.ActiveCfg = Debug|Any CPU
		{A78C65B0-2E4F-4D2B-9964-09814A44260C}.Debug|Any CPU.Build.0 = Debug|Any CPU
		{A78C65B0-2E4F-4D2B-9964-09814A44260C}.Release|Any CPU.ActiveCfg = Release|Any CPU
		{A78C65B0-2E4F-4D2B-9964-09814A44260C}.Release|Any CPU.Build.0 = Release|Any CPU
	EndGlobalSection
	GlobalSection(SolutionProperties) = preSolution
		HideSolutionNode = FALSE
	EndGlobalSection
	GlobalSection(ExtensibilityGlobals) = postSolution
		SolutionGuid = {789C9757-E45D-4557-BB89-579A58645DA1}
	EndGlobalSection
EndGlobal
