
Microsoft Visual Studio Solution File, Format Version 12.00
# Visual Studio Version 17
VisualStudioVersion = 17.5.002.0
MinimumVisualStudioVersion = 10.0.40219.1
Project("{9A19103F-16F7-4668-BE54-9A1E7A4F7556}") = "client", "client.csproj", "{50FE4EB8-CD0F-413B-9045-B13DAB4743AA}"
EndProject
Global
	GlobalSection(SolutionConfigurationPlatforms) = preSolution
		Debug|Any CPU = Debug|Any CPU
		Release|Any CPU = Release|Any CPU
	EndGlobalSection
	GlobalSection(ProjectConfigurationPlatforms) = postSolution
		{50FE4EB8-CD0F-413B-9045-B13DAB4743AA}.Debug|Any CPU.ActiveCfg = Debug|Any CPU
		{50FE4EB8-CD0F-413B-9045-B13DAB4743AA}.Debug|Any CPU.Build.0 = Debug|Any CPU
		{50FE4EB8-CD0F-413B-9045-B13DAB4743AA}.Release|Any CPU.ActiveCfg = Release|Any CPU
		{50FE4EB8-CD0F-413B-9045-B13DAB4743AA}.Release|Any CPU.Build.0 = Release|Any CPU
	EndGlobalSection
	GlobalSection(SolutionProperties) = preSolution
		HideSolutionNode = FALSE
	EndGlobalSection
	GlobalSection(ExtensibilityGlobals) = postSolution
		SolutionGuid = {28960A74-368E-4A13-98D9-ED17675A27BB}
	EndGlobalSection
EndGlobal
